
Microsoft Visual Studio Solution File, Format Version 12.00
# Visual Studio 2013
VisualStudioVersion = 12.0.40629.0
MinimumVisualStudioVersion = 10.0.40219.1
Project("{FAE04EC0-301F-11D3-BF4B-00C04F79EFBC}") = "Quiron.LojaVirtual.Dominio", "Quiron.LojaVirtual.Dominio\Quiron.LojaVirtual.Dominio.csproj", "{66BC3932-59A0-40D4-AEEB-FD491A535B86}"
EndProject
Project("{FAE04EC0-301F-11D3-BF4B-00C04F79EFBC}") = "Quiron.LojaVirtual.Web", "Quiron.LojaVirtual.Web\Quiron.LojaVirtual.Web.csproj", "{687CD331-FD7A-40BA-8615-DE4131487C74}"
EndProject
Project("{FAE04EC0-301F-11D3-BF4B-00C04F79EFBC}") = "Quiron.LojaVirtual.UnitTest", "Quiron.LojaVirtual.UnitTest\Quiron.LojaVirtual.UnitTest.csproj", "{63D375F9-BE5A-4971-8BA3-75E1C885C23C}"
EndProject
Global
	GlobalSection(SolutionConfigurationPlatforms) = preSolution
		Debug|Any CPU = Debug|Any CPU
		Release|Any CPU = Release|Any CPU
	EndGlobalSection
	GlobalSection(ProjectConfigurationPlatforms) = postSolution
		{66BC3932-59A0-40D4-AEEB-FD491A535B86}.Debug|Any CPU.ActiveCfg = Debug|Any CPU
		{66BC3932-59A0-40D4-AEEB-FD491A535B86}.Debug|Any CPU.Build.0 = Debug|Any CPU
		{66BC3932-59A0-40D4-AEEB-FD491A535B86}.Release|Any CPU.ActiveCfg = Release|Any CPU
		{66BC3932-59A0-40D4-AEEB-FD491A535B86}.Release|Any CPU.Build.0 = Release|Any CPU
		{687CD331-FD7A-40BA-8615-DE4131487C74}.Debug|Any CPU.ActiveCfg = Debug|Any CPU
		{687CD331-FD7A-40BA-8615-DE4131487C74}.Debug|Any CPU.Build.0 = Debug|Any CPU
		{687CD331-FD7A-40BA-8615-DE4131487C74}.Release|Any CPU.ActiveCfg = Release|Any CPU
		{687CD331-FD7A-40BA-8615-DE4131487C74}.Release|Any CPU.Build.0 = Release|Any CPU
		{63D375F9-BE5A-4971-8BA3-75E1C885C23C}.Debug|Any CPU.ActiveCfg = Debug|Any CPU
		{63D375F9-BE5A-4971-8BA3-75E1C885C23C}.Debug|Any CPU.Build.0 = Debug|Any CPU
		{63D375F9-BE5A-4971-8BA3-75E1C885C23C}.Release|Any CPU.ActiveCfg = Release|Any CPU
		{63D375F9-BE5A-4971-8BA3-75E1C885C23C}.Release|Any CPU.Build.0 = Release|Any CPU
	EndGlobalSection
	GlobalSection(SolutionProperties) = preSolution
		HideSolutionNode = FALSE
	EndGlobalSection
EndGlobal
